PODS:
  - ASIHTTPRequest (1.8.2):
    - ASIHTTPRequest/ASIWebPageRequest
    - ASIHTTPRequest/CloudFiles
    - ASIHTTPRequest/Core
    - ASIHTTPRequest/S3
  - ASIHTTPRequest/ASIWebPageRequest (1.8.2):
    - ASIHTTPRequest/Core
  - ASIHTTPRequest/CloudFiles (1.8.2):
    - ASIHTTPRequest/Core
  - ASIHTTPRequest/Core (1.8.2):
    - Reachability
  - ASIHTTPRequest/S3 (1.8.2):
    - ASIHTTPRequest/Core
  - Dropbox-OSX-SDK (1.3.13)
  - Google-API-Client (0.1.1):
    - Google-API-Client/AdSense
    - Google-API-Client/Analytics
    - Google-API-Client/AppState
    - Google-API-Client/Bigquery
    - Google-API-Client/Blogger
    - Google-API-Client/Books
    - Google-API-Client/Calendar
    - Google-API-Client/CivicInfo
    - Google-API-Client/Common
    - Google-API-Client/Compute
    - Google-API-Client/Discovery
    - Google-API-Client/DoubleClickBidManager
    - Google-API-Client/Drive
    - Google-API-Client/Groupssettings
    - Google-API-Client/Licensing
    - Google-API-Client/MapsEngine
    - Google-API-Client/Mirror
    - Google-API-Client/Orkut
    - Google-API-Client/Plus
    - Google-API-Client/PlusDomains
    - Google-API-Client/Prediction
    - Google-API-Client/QPXExpress
    - Google-API-Client/Spectrum
    - Google-API-Client/SQLAdmin
    - Google-API-Client/Storage
    - Google-API-Client/Tasks
    - Google-API-Client/Urlshortener
    - Google-API-Client/YouTube
    - Google-API-Client/YouTubeAnalytics
    - gtm-oauth2
    - GTMHTTPFetcher
  - Google-API-Client/AdSense (0.1.1):
    - Google-API-Client/Common
    - gtm-oauth2
    - GTMHTTPFetcher
  - Google-API-Client/Analytics (0.1.1):
    - Google-API-Client/Common
    - gtm-oauth2
    - GTMHTTPFetcher
  - Google-API-Client/AppState (0.1.1):
    - Google-API-Client/Common
    - gtm-oauth2
    - GTMHTTPFetcher
  - Google-API-Client/Bigquery (0.1.1):
    - Google-API-Client/Common
    - gtm-oauth2
    - GTMHTTPFetcher
  - Google-API-Client/Blogger (0.1.1):
    - Google-API-Client/Common
    - gtm-oauth2
    - GTMHTTPFetcher
  - Google-API-Client/Books (0.1.1):
    - Google-API-Client/Common
    - gtm-oauth2
    - GTMHTTPFetcher
  - Google-API-Client/Calendar (0.1.1):
    - Google-API-Client/Common
    - gtm-oauth2
    - GTMHTTPFetcher
  - Google-API-Client/CivicInfo (0.1.1):
    - Google-API-Client/Common
    - gtm-oauth2
    - GTMHTTPFetcher
  - Google-API-Client/Common (0.1.1):
    - gtm-oauth2
    - GTMHTTPFetcher
  - Google-API-Client/Compute (0.1.1):
    - Google-API-Client/Common
    - gtm-oauth2
    - GTMHTTPFetcher
  - Google-API-Client/Discovery (0.1.1):
    - Google-API-Client/Common
    - gtm-oauth2
    - GTMHTTPFetcher
  - Google-API-Client/DoubleClickBidManager (0.1.1):
    - Google-API-Client/Common
    - gtm-oauth2
    - GTMHTTPFetcher
  - Google-API-Client/Drive (0.1.1):
    - Google-API-Client/Common
    - gtm-oauth2
    - GTMHTTPFetcher
  - Google-API-Client/Groupssettings (0.1.1):
    - Google-API-Client/Common
    - gtm-oauth2
    - GTMHTTPFetcher
  - Google-API-Client/Licensing (0.1.1):
    - Google-API-Client/Common
    - gtm-oauth2
    - GTMHTTPFetcher
  - Google-API-Client/MapsEngine (0.1.1):
    - Google-API-Client/Common
    - gtm-oauth2
    - GTMHTTPFetcher
  - Google-API-Client/Mirror (0.1.1):
    - Google-API-Client/Common
    - gtm-oauth2
    - GTMHTTPFetcher
  - Google-API-Client/Orkut (0.1.1):
    - Google-API-Client/Common
    - gtm-oauth2
    - GTMHTTPFetcher
  - Google-API-Client/Plus (0.1.1):
    - Google-API-Client/Common
    - gtm-oauth2
    - GTMHTTPFetcher
  - Google-API-Client/PlusDomains (0.1.1):
    - Google-API-Client/Common
    - gtm-oauth2
    - GTMHTTPFetcher
  - Google-API-Client/Prediction (0.1.1):
    - Google-API-Client/Common
    - gtm-oauth2
    - GTMHTTPFetcher
  - Google-API-Client/QPXExpress (0.1.1):
    - Google-API-Client/Common
    - gtm-oauth2
    - GTMHTTPFetcher
  - Google-API-Client/Spectrum (0.1.1):
    - Google-API-Client/Common
    - gtm-oauth2
    - GTMHTTPFetcher
  - Google-API-Client/SQLAdmin (0.1.1):
    - Google-API-Client/Common
    - gtm-oauth2
    - GTMHTTPFetcher
  - Google-API-Client/Storage (0.1.1):
    - Google-API-Client/Common
    - gtm-oauth2
    - GTMHTTPFetcher
  - Google-API-Client/Tasks (0.1.1):
    - Google-API-Client/Common
    - gtm-oauth2
    - GTMHTTPFetcher
  - Google-API-Client/Urlshortener (0.1.1):
    - Google-API-Client/Common
    - gtm-oauth2
    - GTMHTTPFetcher
  - Google-API-Client/YouTube (0.1.1):
    - Google-API-Client/Common
    - gtm-oauth2
    - GTMHTTPFetcher
  - Google-API-Client/YouTubeAnalytics (0.1.1):
    - Google-API-Client/Common
    - gtm-oauth2
    - GTMHTTPFetcher
  - gtm-oauth2 (0.1.0):
    - GTMHTTPFetcher
  - GTMHTTPFetcher (0.1.0)
  - NMSSH (2.2.0)
  - OMGHTTPURLRQ (2.1):
    - OMGHTTPURLRQ/FormURLEncode
    - OMGHTTPURLRQ/RQ
    - OMGHTTPURLRQ/UserAgent
  - OMGHTTPURLRQ/FormURLEncode (2.1):
    - OMGHTTPURLRQ/FormURLEncode
    - OMGHTTPURLRQ/UserAgent
  - OMGHTTPURLRQ/RQ (2.1):
    - OMGHTTPURLRQ/FormURLEncode
    - OMGHTTPURLRQ/UserAgent
  - OMGHTTPURLRQ/UserAgent (2.1):
    - OMGHTTPURLRQ/FormURLEncode
    - OMGHTTPURLRQ/UserAgent
  - PromiseKit (0.9.17.1):
    - PromiseKit/NSNotificationCenter
    - PromiseKit/NSURLConnection
    - PromiseKit/Pause
    - PromiseKit/UIActionSheet
    - PromiseKit/UIAlertView
    - PromiseKit/UIView
    - PromiseKit/UIViewController
    - PromiseKit/Until
    - PromiseKit/When
  - PromiseKit/NSNotificationCenter (0.9.17.1):
    - PromiseKit/Promise
  - PromiseKit/NSTask (0.9.17.1):
    - PromiseKit/Promise
  - PromiseKit/NSURLConnection (0.9.17.1):
    - OMGHTTPURLRQ
    - PromiseKit/Promise
  - PromiseKit/Pause (0.9.17.1):
    - PromiseKit/Promise
  - PromiseKit/Promise (0.9.17.1)
  - PromiseKit/UIActionSheet (0.9.17.1):
    - PromiseKit/Promise
  - PromiseKit/UIAlertView (0.9.17.1):
    - PromiseKit/Promise
  - PromiseKit/UIView (0.9.17.1):
    - PromiseKit/Promise
  - PromiseKit/UIViewController (0.9.17.1):
    - PromiseKit/Promise
  - PromiseKit/Until (0.9.17.1):
    - PromiseKit/Promise
    - PromiseKit/When
  - PromiseKit/When (0.9.17.1):
    - PromiseKit/Promise

DEPENDENCIES:
  - ASIHTTPRequest
  - Dropbox-OSX-SDK
  - Google-API-Client
  - NMSSH
  - PromiseKit
  - PromiseKit/NSTask

SPEC CHECKSUMS:
  ASIHTTPRequest: 2c8335b49410c0e2ad42829c438e74d454b77590
  Dropbox-OSX-SDK: bbcfc3398fd85874e15959d610cc856d61cc1b32
  Google-API-Client: 69cd2a04c649abe9f3fa6695bc4bb8965373f204
  gtm-oauth2: 64f2d404a50676ab63b5437a02a7567da8f8b7fa
  GTMHTTPFetcher: 0f02d5a5803dd08736462981064de6a7f59cf9bd
  NMSSH: 6075839f1d4415ce55bf5db62fa1178888e12ae5
  OMGHTTPURLRQ: 16564bcee86d8dfa298b65cdf60015c3065f67df
  PromiseKit: b59eaaf257f72f1125fdac7bccfcc2ae2e014cc4

COCOAPODS: 0.34.4
