// !$*UTF8*$!
{
	archiveVersion = 1;
	classes = {
	};
	objectVersion = 46;
	objects = {

/* Begin PBXBuildFile section */
		18C983760F64E64C7FAE6C9D /* libPods-ScreenCapture.a in Frameworks */ = {isa = PBXBuildFile; fileRef = 1FC51128B0329A0EA0440369 /* libPods-ScreenCapture.a */; };
		5D11B4A719DB3E7C00A07CDB /* PromiseQueue.m in Sources */ = {isa = PBXBuildFile; fileRef = 5D11B4A619DB3E7C00A07CDB /* PromiseQueue.m */; };
		5D11B4AB19E18BEA00A07CDB /* RemoteRESTAPIStorageAgent.m in Sources */ = {isa = PBXBuildFile; fileRef = 5D11B4AA19E18BEA00A07CDB /* RemoteRESTAPIStorageAgent.m */; };
		5D11B4AE19E18C4B00A07CDB /* GenericStorageAgent.m in Sources */ = {isa = PBXBuildFile; fileRef = 5D11B4AD19E18C4B00A07CDB /* GenericStorageAgent.m */; };
		5D11B4B119E1A7E600A07CDB /* SFTPStorageAgent.m in Sources */ = {isa = PBXBuildFile; fileRef = 5D11B4B019E1A7E600A07CDB /* SFTPStorageAgent.m */; };
		5D11B4B819E1C03C00A07CDB /* Screenshot.m in Sources */ = {isa = PBXBuildFile; fileRef = 5D11B4B719E1C03C00A07CDB /* Screenshot.m */; };
		5D11B4BB19E1E70D00A07CDB /* DropBoxStorageAgent.m in Sources */ = {isa = PBXBuildFile; fileRef = 5D11B4BA19E1E70D00A07CDB /* DropBoxStorageAgent.m */; };
		5D11B4BE19E4885500A07CDB /* PrimaryStorageAgent.m in Sources */ = {isa = PBXBuildFile; fileRef = 5D11B4BD19E4885500A07CDB /* PrimaryStorageAgent.m */; };
		5D11B4C119FD728E00A07CDB /* GoogleDriveStorageAgent.m in Sources */ = {isa = PBXBuildFile; fileRef = 5D11B4C019FD728E00A07CDB /* GoogleDriveStorageAgent.m */; };
		5D3F23581A0183EB00C4E2E2 /* CoreData.framework in Frameworks */ = {isa = PBXBuildFile; fileRef = 5D3F23571A0183EB00C4E2E2 /* CoreData.framework */; };
		5D3F235B1A01846E00C4E2E2 /* Model.xcdatamodeld in Sources */ = {isa = PBXBuildFile; fileRef = 5D3F23591A01846E00C4E2E2 /* Model.xcdatamodeld */; };
		5D3F238D1A01931E00C4E2E2 /* RemoteRESTAPIStorageItem.m in Sources */ = {isa = PBXBuildFile; fileRef = 5D3F238C1A01931E00C4E2E2 /* RemoteRESTAPIStorageItem.m */; };
		5D3F23901A01931F00C4E2E2 /* PrimaryStorageItem.m in Sources */ = {isa = PBXBuildFile; fileRef = 5D3F238F1A01931F00C4E2E2 /* PrimaryStorageItem.m */; };
		5D3F23981A0266FF00C4E2E2 /* LocalFileMenuActionViewBuilder.m in Sources */ = {isa = PBXBuildFile; fileRef = 5D3F23971A0266FF00C4E2E2 /* LocalFileMenuActionViewBuilder.m */; };
		5D3F239B1A026B4600C4E2E2 /* AbstractStorageAgentViewBuilder.m in Sources */ = {isa = PBXBuildFile; fileRef = 5D3F239A1A026B4600C4E2E2 /* AbstractStorageAgentViewBuilder.m */; };
		5D3F23A11A02711900C4E2E2 /* GenericStorageAgent+ViewBuilder.m in Sources */ = {isa = PBXBuildFile; fileRef = 5D3F23A01A02711900C4E2E2 /* GenericStorageAgent+ViewBuilder.m */; };
		5D3F23A51A02A10000C4E2E2 /* LocalFileStorageAgent+ViewBuilder.m in Sources */ = {isa = PBXBuildFile; fileRef = 5D3F23A41A02A10000C4E2E2 /* LocalFileStorageAgent+ViewBuilder.m */; };
		5D49380019D82C7A00008DFB /* main.m in Sources */ = {isa = PBXBuildFile; fileRef = 5D4937FF19D82C7A00008DFB /* main.m */; };
		5D49380319D82C7A00008DFB /* AppDelegate.m in Sources */ = {isa = PBXBuildFile; fileRef = 5D49380219D82C7A00008DFB /* AppDelegate.m */; };
		5D49380519D82C7A00008DFB /* Images.xcassets in Resources */ = {isa = PBXBuildFile; fileRef = 5D49380419D82C7A00008DFB /* Images.xcassets */; };
		5D49380819D82C7A00008DFB /* MainMenu.xib in Resources */ = {isa = PBXBuildFile; fileRef = 5D49380619D82C7A00008DFB /* MainMenu.xib */; };
		5D49381419D82C7A00008DFB /* ScreenCaptureTests.m in Sources */ = {isa = PBXBuildFile; fileRef = 5D49381319D82C7A00008DFB /* ScreenCaptureTests.m */; };
		5D49382219D83F3A00008DFB /* StorageManager.m in Sources */ = {isa = PBXBuildFile; fileRef = 5D49382119D83F3A00008DFB /* StorageManager.m */; };
		5D49382A19D844B200008DFB /* LocalFileStorageAgent.m in Sources */ = {isa = PBXBuildFile; fileRef = 5D49382919D844B200008DFB /* LocalFileStorageAgent.m */; };
		5D49382C19D857E600008DFB /* StorageAgents.plist in Resources */ = {isa = PBXBuildFile; fileRef = 5D49382B19D857E600008DFB /* StorageAgents.plist */; };
		5DF147281A02C81C0080538B /* RemoteRESTAPIMenuActionViewBuilder.m in Sources */ = {isa = PBXBuildFile; fileRef = 5DF147271A02C81C0080538B /* RemoteRESTAPIMenuActionViewBuilder.m */; };
		5DF1472B1A02CA7B0080538B /* RemoteRESTAPIStorageAgent+ViewBuilder.m in Sources */ = {isa = PBXBuildFile; fileRef = 5DF1472A1A02CA7B0080538B /* RemoteRESTAPIStorageAgent+ViewBuilder.m */; };
		5DF1472E1A02DAB70080538B /* DropBoxMenuActionViewBuilder.m in Sources */ = {isa = PBXBuildFile; fileRef = 5DF1472D1A02DAB70080538B /* DropBoxMenuActionViewBuilder.m */; };
		5DF147311A02DB6C0080538B /* DropBoxStorageItem.m in Sources */ = {isa = PBXBuildFile; fileRef = 5DF147301A02DB6C0080538B /* DropBoxStorageItem.m */; };
		5DF147341A02E1670080538B /* DropBoxStorageAgent+ViewBuilder.m in Sources */ = {isa = PBXBuildFile; fileRef = 5DF147331A02E1670080538B /* DropBoxStorageAgent+ViewBuilder.m */; };
		5DF147371A039D4A0080538B /* RemoteJSRESTAPIMenuActionViewBuilder.m in Sources */ = {isa = PBXBuildFile; fileRef = 5DF147361A039D4A0080538B /* RemoteJSRESTAPIMenuActionViewBuilder.m */; };
		5DF1473A1A039E4B0080538B /* RemoteJSRESTAPIStorageItem.m in Sources */ = {isa = PBXBuildFile; fileRef = 5DF147391A039E4B0080538B /* RemoteJSRESTAPIStorageItem.m */; };
		5DF1473D1A03A2C00080538B /* RemoteJSRESTAPIStorageAgent+ViewBuilder.m in Sources */ = {isa = PBXBuildFile; fileRef = 5DF1473C1A03A2C00080538B /* RemoteJSRESTAPIStorageAgent+ViewBuilder.m */; };
		89B535B01A03956800E414DD /* RemoteJSRESTAPIStorageAgent.m in Sources */ = {isa = PBXBuildFile; fileRef = 89B535AF1A03956800E414DD /* RemoteJSRESTAPIStorageAgent.m */; };
/* End PBXBuildFile section */

/* Begin PBXContainerItemProxy section */
		5D49380E19D82C7A00008DFB /* PBXContainerItemProxy */ = {
			isa = PBXContainerItemProxy;
			containerPortal = 5D4937F219D82C7900008DFB /* Project object */;
			proxyType = 1;
			remoteGlobalIDString = 5D4937F919D82C7A00008DFB;
			remoteInfo = ScreenCapture;
		};
/* End PBXContainerItemProxy section */

/* Begin PBXFileReference section */
		1EF147B789113F1F282C987E /* Pods-ScreenCapture.release.xcconfig */ = {isa = PBXFileReference; includeInIndex = 1; lastKnownFileType = text.xcconfig; name = "Pods-ScreenCapture.release.xcconfig"; path = "Pods/Target Support Files/Pods-ScreenCapture/Pods-ScreenCapture.release.xcconfig"; sourceTree = "<group>"; };
		1FC51128B0329A0EA0440369 /* libPods-ScreenCapture.a */ = {isa = PBXFileReference; explicitFileType = archive.ar; includeInIndex = 0; path = "libPods-ScreenCapture.a"; sourceTree = BUILT_PRODUCTS_DIR; };
		2D8CA1C9D3A3D03E3959C2A8 /* Pods-ScreenCapture.debug.xcconfig */ = {isa = PBXFileReference; includeInIndex = 1; lastKnownFileType = text.xcconfig; name = "Pods-ScreenCapture.debug.xcconfig"; path = "Pods/Target Support Files/Pods-ScreenCapture/Pods-ScreenCapture.debug.xcconfig"; sourceTree = "<group>"; };
		5D11B4A519DB3E7C00A07CDB /* PromiseQueue.h */ = {isa = PBXFileReference; fileEncoding = 4; lastKnownFileType = sourcecode.c.h; path = PromiseQueue.h; sourceTree = "<group>"; };
		5D11B4A619DB3E7C00A07CDB /* PromiseQueue.m */ = {isa = PBXFileReference; fileEncoding = 4; lastKnownFileType = sourcecode.c.objc; path = PromiseQueue.m; sourceTree = "<group>"; };
		5D11B4A819DB51A500A07CDB /* Processable.h */ = {isa = PBXFileReference; lastKnownFileType = sourcecode.c.h; path = Processable.h; sourceTree = "<group>"; };
		5D11B4A919E18BEA00A07CDB /* RemoteRESTAPIStorageAgent.h */ = {isa = PBXFileReference; fileEncoding = 4; lastKnownFileType = sourcecode.c.h; path = RemoteRESTAPIStorageAgent.h; sourceTree = "<group>"; };
		5D11B4AA19E18BEA00A07CDB /* RemoteRESTAPIStorageAgent.m */ = {isa = PBXFileReference; fileEncoding = 4; lastKnownFileType = sourcecode.c.objc; path = RemoteRESTAPIStorageAgent.m; sourceTree = "<group>"; };
		5D11B4AC19E18C4B00A07CDB /* GenericStorageAgent.h */ = {isa = PBXFileReference; fileEncoding = 4; lastKnownFileType = sourcecode.c.h; path = GenericStorageAgent.h; sourceTree = "<group>"; };
		5D11B4AD19E18C4B00A07CDB /* GenericStorageAgent.m */ = {isa = PBXFileReference; fileEncoding = 4; lastKnownFileType = sourcecode.c.objc; path = GenericStorageAgent.m; sourceTree = "<group>"; };
		5D11B4AF19E1A7E600A07CDB /* SFTPStorageAgent.h */ = {isa = PBXFileReference; fileEncoding = 4; lastKnownFileType = sourcecode.c.h; path = SFTPStorageAgent.h; sourceTree = "<group>"; };
		5D11B4B019E1A7E600A07CDB /* SFTPStorageAgent.m */ = {isa = PBXFileReference; fileEncoding = 4; lastKnownFileType = sourcecode.c.objc; path = SFTPStorageAgent.m; sourceTree = "<group>"; };
		5D11B4B619E1C03C00A07CDB /* Screenshot.h */ = {isa = PBXFileReference; fileEncoding = 4; lastKnownFileType = sourcecode.c.h; path = Screenshot.h; sourceTree = "<group>"; };
		5D11B4B719E1C03C00A07CDB /* Screenshot.m */ = {isa = PBXFileReference; fileEncoding = 4; lastKnownFileType = sourcecode.c.objc; path = Screenshot.m; sourceTree = "<group>"; };
		5D11B4B919E1E70D00A07CDB /* DropBoxStorageAgent.h */ = {isa = PBXFileReference; fileEncoding = 4; lastKnownFileType = sourcecode.c.h; path = DropBoxStorageAgent.h; sourceTree = "<group>"; };
		5D11B4BA19E1E70D00A07CDB /* DropBoxStorageAgent.m */ = {isa = PBXFileReference; fileEncoding = 4; lastKnownFileType = sourcecode.c.objc; path = DropBoxStorageAgent.m; sourceTree = "<group>"; };
		5D11B4BC19E4885500A07CDB /* PrimaryStorageAgent.h */ = {isa = PBXFileReference; fileEncoding = 4; lastKnownFileType = sourcecode.c.h; path = PrimaryStorageAgent.h; sourceTree = "<group>"; };
		5D11B4BD19E4885500A07CDB /* PrimaryStorageAgent.m */ = {isa = PBXFileReference; fileEncoding = 4; lastKnownFileType = sourcecode.c.objc; path = PrimaryStorageAgent.m; sourceTree = "<group>"; };
		5D11B4BF19FD728E00A07CDB /* GoogleDriveStorageAgent.h */ = {isa = PBXFileReference; fileEncoding = 4; lastKnownFileType = sourcecode.c.h; path = GoogleDriveStorageAgent.h; sourceTree = "<group>"; };
		5D11B4C019FD728E00A07CDB /* GoogleDriveStorageAgent.m */ = {isa = PBXFileReference; fileEncoding = 4; lastKnownFileType = sourcecode.c.objc; path = GoogleDriveStorageAgent.m; sourceTree = "<group>"; };
		5D3F23571A0183EB00C4E2E2 /* CoreData.framework */ = {isa = PBXFileReference; lastKnownFileType = wrapper.framework; name = CoreData.framework; path = System/Library/Frameworks/CoreData.framework; sourceTree = SDKROOT; };
		5D3F235A1A01846E00C4E2E2 /* Model.xcdatamodel */ = {isa = PBXFileReference; lastKnownFileType = wrapper.xcdatamodel; path = Model.xcdatamodel; sourceTree = "<group>"; };
		5D3F238B1A01931E00C4E2E2 /* RemoteRESTAPIStorageItem.h */ = {isa = PBXFileReference; fileEncoding = 4; lastKnownFileType = sourcecode.c.h; path = RemoteRESTAPIStorageItem.h; sourceTree = "<group>"; };
		5D3F238C1A01931E00C4E2E2 /* RemoteRESTAPIStorageItem.m */ = {isa = PBXFileReference; fileEncoding = 4; lastKnownFileType = sourcecode.c.objc; path = RemoteRESTAPIStorageItem.m; sourceTree = "<group>"; };
		5D3F238E1A01931F00C4E2E2 /* PrimaryStorageItem.h */ = {isa = PBXFileReference; fileEncoding = 4; lastKnownFileType = sourcecode.c.h; path = PrimaryStorageItem.h; sourceTree = "<group>"; };
		5D3F238F1A01931F00C4E2E2 /* PrimaryStorageItem.m */ = {isa = PBXFileReference; fileEncoding = 4; lastKnownFileType = sourcecode.c.objc; path = PrimaryStorageItem.m; sourceTree = "<group>"; };
		5D3F23961A0266FF00C4E2E2 /* LocalFileMenuActionViewBuilder.h */ = {isa = PBXFileReference; fileEncoding = 4; lastKnownFileType = sourcecode.c.h; path = LocalFileMenuActionViewBuilder.h; sourceTree = "<group>"; };
		5D3F23971A0266FF00C4E2E2 /* LocalFileMenuActionViewBuilder.m */ = {isa = PBXFileReference; fileEncoding = 4; lastKnownFileType = sourcecode.c.objc; path = LocalFileMenuActionViewBuilder.m; sourceTree = "<group>"; };
		5D3F23991A026B4600C4E2E2 /* AbstractStorageAgentViewBuilder.h */ = {isa = PBXFileReference; fileEncoding = 4; lastKnownFileType = sourcecode.c.h; path = AbstractStorageAgentViewBuilder.h; sourceTree = "<group>"; };
		5D3F239A1A026B4600C4E2E2 /* AbstractStorageAgentViewBuilder.m */ = {isa = PBXFileReference; fileEncoding = 4; lastKnownFileType = sourcecode.c.objc; path = AbstractStorageAgentViewBuilder.m; sourceTree = "<group>"; };
		5D3F239F1A02711900C4E2E2 /* GenericStorageAgent+ViewBuilder.h */ = {isa = PBXFileReference; fileEncoding = 4; lastKnownFileType = sourcecode.c.h; path = "GenericStorageAgent+ViewBuilder.h"; sourceTree = "<group>"; };
		5D3F23A01A02711900C4E2E2 /* GenericStorageAgent+ViewBuilder.m */ = {isa = PBXFileReference; fileEncoding = 4; lastKnownFileType = sourcecode.c.objc; path = "GenericStorageAgent+ViewBuilder.m"; sourceTree = "<group>"; };
		5D3F23A31A02A10000C4E2E2 /* LocalFileStorageAgent+ViewBuilder.h */ = {isa = PBXFileReference; fileEncoding = 4; lastKnownFileType = sourcecode.c.h; path = "LocalFileStorageAgent+ViewBuilder.h"; sourceTree = "<group>"; };
		5D3F23A41A02A10000C4E2E2 /* LocalFileStorageAgent+ViewBuilder.m */ = {isa = PBXFileReference; fileEncoding = 4; lastKnownFileType = sourcecode.c.objc; path = "LocalFileStorageAgent+ViewBuilder.m"; sourceTree = "<group>"; };
		5D4937FA19D82C7A00008DFB /* ScreenCapture.app */ = {isa = PBXFileReference; explicitFileType = wrapper.application; includeInIndex = 0; path = ScreenCapture.app; sourceTree = BUILT_PRODUCTS_DIR; };
		5D4937FE19D82C7A00008DFB /* Info.plist */ = {isa = PBXFileReference; lastKnownFileType = text.plist.xml; path = Info.plist; sourceTree = "<group>"; };
		5D4937FF19D82C7A00008DFB /* main.m */ = {isa = PBXFileReference; lastKnownFileType = sourcecode.c.objc; path = main.m; sourceTree = "<group>"; };
		5D49380119D82C7A00008DFB /* AppDelegate.h */ = {isa = PBXFileReference; lastKnownFileType = sourcecode.c.h; path = AppDelegate.h; sourceTree = "<group>"; };
		5D49380219D82C7A00008DFB /* AppDelegate.m */ = {isa = PBXFileReference; lastKnownFileType = sourcecode.c.objc; path = AppDelegate.m; sourceTree = "<group>"; };
		5D49380419D82C7A00008DFB /* Images.xcassets */ = {isa = PBXFileReference; lastKnownFileType = folder.assetcatalog; path = Images.xcassets; sourceTree = "<group>"; };
		5D49380719D82C7A00008DFB /* Base */ = {isa = PBXFileReference; lastKnownFileType = file.xib; name = Base; path = Base.lproj/MainMenu.xib; sourceTree = "<group>"; };
		5D49380D19D82C7A00008DFB /* ScreenCaptureTests.xctest */ = {isa = PBXFileReference; explicitFileType = wrapper.cfbundle; includeInIndex = 0; path = ScreenCaptureTests.xctest; sourceTree = BUILT_PRODUCTS_DIR; };
		5D49381219D82C7A00008DFB /* Info.plist */ = {isa = PBXFileReference; lastKnownFileType = text.plist.xml; path = Info.plist; sourceTree = "<group>"; };
		5D49381319D82C7A00008DFB /* ScreenCaptureTests.m */ = {isa = PBXFileReference; lastKnownFileType = sourcecode.c.objc; path = ScreenCaptureTests.m; sourceTree = "<group>"; };
		5D49382019D83F3A00008DFB /* StorageManager.h */ = {isa = PBXFileReference; fileEncoding = 4; lastKnownFileType = sourcecode.c.h; path = StorageManager.h; sourceTree = "<group>"; };
		5D49382119D83F3A00008DFB /* StorageManager.m */ = {isa = PBXFileReference; fileEncoding = 4; lastKnownFileType = sourcecode.c.objc; path = StorageManager.m; sourceTree = "<group>"; };
		5D49382819D844B200008DFB /* LocalFileStorageAgent.h */ = {isa = PBXFileReference; fileEncoding = 4; lastKnownFileType = sourcecode.c.h; path = LocalFileStorageAgent.h; sourceTree = "<group>"; };
		5D49382919D844B200008DFB /* LocalFileStorageAgent.m */ = {isa = PBXFileReference; fileEncoding = 4; lastKnownFileType = sourcecode.c.objc; path = LocalFileStorageAgent.m; sourceTree = "<group>"; };
		5D49382B19D857E600008DFB /* StorageAgents.plist */ = {isa = PBXFileReference; fileEncoding = 4; lastKnownFileType = text.plist.xml; path = StorageAgents.plist; sourceTree = "<group>"; };
		5DF147261A02C81C0080538B /* RemoteRESTAPIMenuActionViewBuilder.h */ = {isa = PBXFileReference; fileEncoding = 4; lastKnownFileType = sourcecode.c.h; path = RemoteRESTAPIMenuActionViewBuilder.h; sourceTree = "<group>"; };
		5DF147271A02C81C0080538B /* RemoteRESTAPIMenuActionViewBuilder.m */ = {isa = PBXFileReference; fileEncoding = 4; lastKnownFileType = sourcecode.c.objc; path = RemoteRESTAPIMenuActionViewBuilder.m; sourceTree = "<group>"; };
		5DF147291A02CA7B0080538B /* RemoteRESTAPIStorageAgent+ViewBuilder.h */ = {isa = PBXFileReference; fileEncoding = 4; lastKnownFileType = sourcecode.c.h; path = "RemoteRESTAPIStorageAgent+ViewBuilder.h"; sourceTree = "<group>"; };
		5DF1472A1A02CA7B0080538B /* RemoteRESTAPIStorageAgent+ViewBuilder.m */ = {isa = PBXFileReference; fileEncoding = 4; lastKnownFileType = sourcecode.c.objc; path = "RemoteRESTAPIStorageAgent+ViewBuilder.m"; sourceTree = "<group>"; };
		5DF1472C1A02DAB70080538B /* DropBoxMenuActionViewBuilder.h */ = {isa = PBXFileReference; fileEncoding = 4; lastKnownFileType = sourcecode.c.h; path = DropBoxMenuActionViewBuilder.h; sourceTree = "<group>"; };
		5DF1472D1A02DAB70080538B /* DropBoxMenuActionViewBuilder.m */ = {isa = PBXFileReference; fileEncoding = 4; lastKnownFileType = sourcecode.c.objc; path = DropBoxMenuActionViewBuilder.m; sourceTree = "<group>"; };
		5DF1472F1A02DB6C0080538B /* DropBoxStorageItem.h */ = {isa = PBXFileReference; fileEncoding = 4; lastKnownFileType = sourcecode.c.h; path = DropBoxStorageItem.h; sourceTree = "<group>"; };
		5DF147301A02DB6C0080538B /* DropBoxStorageItem.m */ = {isa = PBXFileReference; fileEncoding = 4; lastKnownFileType = sourcecode.c.objc; path = DropBoxStorageItem.m; sourceTree = "<group>"; };
		5DF147321A02E1670080538B /* DropBoxStorageAgent+ViewBuilder.h */ = {isa = PBXFileReference; fileEncoding = 4; lastKnownFileType = sourcecode.c.h; path = "DropBoxStorageAgent+ViewBuilder.h"; sourceTree = "<group>"; };
		5DF147331A02E1670080538B /* DropBoxStorageAgent+ViewBuilder.m */ = {isa = PBXFileReference; fileEncoding = 4; lastKnownFileType = sourcecode.c.objc; path = "DropBoxStorageAgent+ViewBuilder.m"; sourceTree = "<group>"; };
		5DF147351A039D4A0080538B /* RemoteJSRESTAPIMenuActionViewBuilder.h */ = {isa = PBXFileReference; fileEncoding = 4; lastKnownFileType = sourcecode.c.h; path = RemoteJSRESTAPIMenuActionViewBuilder.h; sourceTree = "<group>"; };
		5DF147361A039D4A0080538B /* RemoteJSRESTAPIMenuActionViewBuilder.m */ = {isa = PBXFileReference; fileEncoding = 4; lastKnownFileType = sourcecode.c.objc; path = RemoteJSRESTAPIMenuActionViewBuilder.m; sourceTree = "<group>"; };
		5DF147381A039E4B0080538B /* RemoteJSRESTAPIStorageItem.h */ = {isa = PBXFileReference; fileEncoding = 4; lastKnownFileType = sourcecode.c.h; path = RemoteJSRESTAPIStorageItem.h; sourceTree = "<group>"; };
		5DF147391A039E4B0080538B /* RemoteJSRESTAPIStorageItem.m */ = {isa = PBXFileReference; fileEncoding = 4; lastKnownFileType = sourcecode.c.objc; path = RemoteJSRESTAPIStorageItem.m; sourceTree = "<group>"; };
		5DF1473B1A03A2C00080538B /* RemoteJSRESTAPIStorageAgent+ViewBuilder.h */ = {isa = PBXFileReference; fileEncoding = 4; lastKnownFileType = sourcecode.c.h; path = "RemoteJSRESTAPIStorageAgent+ViewBuilder.h"; sourceTree = "<group>"; };
		5DF1473C1A03A2C00080538B /* RemoteJSRESTAPIStorageAgent+ViewBuilder.m */ = {isa = PBXFileReference; fileEncoding = 4; lastKnownFileType = sourcecode.c.objc; path = "RemoteJSRESTAPIStorageAgent+ViewBuilder.m"; sourceTree = "<group>"; };
		89B535AF1A03956800E414DD /* RemoteJSRESTAPIStorageAgent.m */ = {isa = PBXFileReference; fileEncoding = 4; lastKnownFileType = sourcecode.c.objc; path = RemoteJSRESTAPIStorageAgent.m; sourceTree = "<group>"; };
		89B535B11A03957600E414DD /* RemoteJSRESTAPIStorageAgent.h */ = {isa = PBXFileReference; lastKnownFileType = sourcecode.c.h; path = RemoteJSRESTAPIStorageAgent.h; sourceTree = "<group>"; };
/* End PBXFileReference section */

/* Begin PBXFrameworksBuildPhase section */
		5D4937F719D82C7A00008DFB /* Frameworks */ = {
			isa = PBXFrameworksBuildPhase;
			buildActionMask = 2147483647;
			files = (
				5D3F23581A0183EB00C4E2E2 /* CoreData.framework in Frameworks */,
				18C983760F64E64C7FAE6C9D /* libPods-ScreenCapture.a in Frameworks */,
			);
			runOnlyForDeploymentPostprocessing = 0;
		};
		5D49380A19D82C7A00008DFB /* Frameworks */ = {
			isa = PBXFrameworksBuildPhase;
			buildActionMask = 2147483647;
			files = (
			);
			runOnlyForDeploymentPostprocessing = 0;
		};
/* End PBXFrameworksBuildPhase section */

/* Begin PBXGroup section */
		4F427519E70E06475497BA0C /* Frameworks */ = {
			isa = PBXGroup;
			children = (
				5D3F23571A0183EB00C4E2E2 /* CoreData.framework */,
				1FC51128B0329A0EA0440369 /* libPods-ScreenCapture.a */,
			);
			name = Frameworks;
			sourceTree = "<group>";
		};
		5D3F23911A01934C00C4E2E2 /* Models */ = {
			isa = PBXGroup;
			children = (
				5DF147381A039E4B0080538B /* RemoteJSRESTAPIStorageItem.h */,
				5DF147391A039E4B0080538B /* RemoteJSRESTAPIStorageItem.m */,
				5DF1472F1A02DB6C0080538B /* DropBoxStorageItem.h */,
				5DF147301A02DB6C0080538B /* DropBoxStorageItem.m */,
				5D3F238E1A01931F00C4E2E2 /* PrimaryStorageItem.h */,
				5D3F238F1A01931F00C4E2E2 /* PrimaryStorageItem.m */,
				5D3F238B1A01931E00C4E2E2 /* RemoteRESTAPIStorageItem.h */,
				5D3F238C1A01931E00C4E2E2 /* RemoteRESTAPIStorageItem.m */,
			);
			name = Models;
			sourceTree = "<group>";
		};
		5D3F23951A025DC500C4E2E2 /* StorageAgentViewBuilders */ = {
			isa = PBXGroup;
			children = (
				5D3F23961A0266FF00C4E2E2 /* LocalFileMenuActionViewBuilder.h */,
				5D3F23971A0266FF00C4E2E2 /* LocalFileMenuActionViewBuilder.m */,
				5D3F23991A026B4600C4E2E2 /* AbstractStorageAgentViewBuilder.h */,
				5D3F239A1A026B4600C4E2E2 /* AbstractStorageAgentViewBuilder.m */,
				5DF147261A02C81C0080538B /* RemoteRESTAPIMenuActionViewBuilder.h */,
				5DF147271A02C81C0080538B /* RemoteRESTAPIMenuActionViewBuilder.m */,
				5DF1472C1A02DAB70080538B /* DropBoxMenuActionViewBuilder.h */,
				5DF1472D1A02DAB70080538B /* DropBoxMenuActionViewBuilder.m */,
				5DF147351A039D4A0080538B /* RemoteJSRESTAPIMenuActionViewBuilder.h */,
				5DF147361A039D4A0080538B /* RemoteJSRESTAPIMenuActionViewBuilder.m */,
			);
			name = StorageAgentViewBuilders;
			sourceTree = "<group>";
		};
		5D3F23A21A0294A500C4E2E2 /* ViewBuilder */ = {
			isa = PBXGroup;
			children = (
				5D3F239F1A02711900C4E2E2 /* GenericStorageAgent+ViewBuilder.h */,
				5D3F23A01A02711900C4E2E2 /* GenericStorageAgent+ViewBuilder.m */,
				5D3F23A31A02A10000C4E2E2 /* LocalFileStorageAgent+ViewBuilder.h */,
				5D3F23A41A02A10000C4E2E2 /* LocalFileStorageAgent+ViewBuilder.m */,
				5DF147291A02CA7B0080538B /* RemoteRESTAPIStorageAgent+ViewBuilder.h */,
				5DF1472A1A02CA7B0080538B /* RemoteRESTAPIStorageAgent+ViewBuilder.m */,
				5DF147321A02E1670080538B /* DropBoxStorageAgent+ViewBuilder.h */,
				5DF147331A02E1670080538B /* DropBoxStorageAgent+ViewBuilder.m */,
				5DF1473B1A03A2C00080538B /* RemoteJSRESTAPIStorageAgent+ViewBuilder.h */,
				5DF1473C1A03A2C00080538B /* RemoteJSRESTAPIStorageAgent+ViewBuilder.m */,
			);
			name = ViewBuilder;
			sourceTree = "<group>";
		};
		5D4937F119D82C7900008DFB = {
			isa = PBXGroup;
			children = (
				5D4937FC19D82C7A00008DFB /* ScreenCapture */,
				5D49381019D82C7A00008DFB /* ScreenCaptureTests */,
				5D4937FB19D82C7A00008DFB /* Products */,
				BD0CE9A0EACC54C6DAF1B06D /* Pods */,
				4F427519E70E06475497BA0C /* Frameworks */,
			);
			sourceTree = "<group>";
		};
		5D4937FB19D82C7A00008DFB /* Products */ = {
			isa = PBXGroup;
			children = (
				5D4937FA19D82C7A00008DFB /* ScreenCapture.app */,
				5D49380D19D82C7A00008DFB /* ScreenCaptureTests.xctest */,
			);
			name = Products;
			sourceTree = "<group>";
		};
		5D4937FC19D82C7A00008DFB /* ScreenCapture */ = {
			isa = PBXGroup;
			children = (
				5D3F23911A01934C00C4E2E2 /* Models */,
				5D49380119D82C7A00008DFB /* AppDelegate.h */,
				5D49380219D82C7A00008DFB /* AppDelegate.m */,
				5D49380419D82C7A00008DFB /* Images.xcassets */,
				5D3F23591A01846E00C4E2E2 /* Model.xcdatamodeld */,
				5D49380619D82C7A00008DFB /* MainMenu.xib */,
				5D11B4A819DB51A500A07CDB /* Processable.h */,
				5D11B4A519DB3E7C00A07CDB /* PromiseQueue.h */,
				5D11B4A619DB3E7C00A07CDB /* PromiseQueue.m */,
				5D11B4B619E1C03C00A07CDB /* Screenshot.h */,
				5D11B4B719E1C03C00A07CDB /* Screenshot.m */,
				5D49382319D8408600008DFB /* StorageAgents */,
				5D49382B19D857E600008DFB /* StorageAgents.plist */,
				5D49382019D83F3A00008DFB /* StorageManager.h */,
				5D49382119D83F3A00008DFB /* StorageManager.m */,
				5D3F23951A025DC500C4E2E2 /* StorageAgentViewBuilders */,
				5D4937FD19D82C7A00008DFB /* Supporting Files */,
			);
			path = ScreenCapture;
			sourceTree = "<group>";
		};
		5D4937FD19D82C7A00008DFB /* Supporting Files */ = {
			isa = PBXGroup;
			children = (
				5D4937FE19D82C7A00008DFB /* Info.plist */,
				5D4937FF19D82C7A00008DFB /* main.m */,
			);
			name = "Supporting Files";
			sourceTree = "<group>";
		};
		5D49381019D82C7A00008DFB /* ScreenCaptureTests */ = {
			isa = PBXGroup;
			children = (
				5D49381319D82C7A00008DFB /* ScreenCaptureTests.m */,
				5D49381119D82C7A00008DFB /* Supporting Files */,
			);
			path = ScreenCaptureTests;
			sourceTree = "<group>";
		};
		5D49381119D82C7A00008DFB /* Supporting Files */ = {
			isa = PBXGroup;
			children = (
				5D49381219D82C7A00008DFB /* Info.plist */,
			);
			name = "Supporting Files";
			sourceTree = "<group>";
		};
		5D49382319D8408600008DFB /* StorageAgents */ = {
			isa = PBXGroup;
			children = (
				5D3F23A21A0294A500C4E2E2 /* ViewBuilder */,
				5D11B4B919E1E70D00A07CDB /* DropBoxStorageAgent.h */,
				5D11B4BA19E1E70D00A07CDB /* DropBoxStorageAgent.m */,
				5D11B4AC19E18C4B00A07CDB /* GenericStorageAgent.h */,
				5D11B4AD19E18C4B00A07CDB /* GenericStorageAgent.m */,
				5D11B4BF19FD728E00A07CDB /* GoogleDriveStorageAgent.h */,
				5D11B4C019FD728E00A07CDB /* GoogleDriveStorageAgent.m */,
				5D49382819D844B200008DFB /* LocalFileStorageAgent.h */,
				5D49382919D844B200008DFB /* LocalFileStorageAgent.m */,
				5D11B4BC19E4885500A07CDB /* PrimaryStorageAgent.h */,
				5D11B4BD19E4885500A07CDB /* PrimaryStorageAgent.m */,
				5D11B4A919E18BEA00A07CDB /* RemoteRESTAPIStorageAgent.h */,
				5D11B4AA19E18BEA00A07CDB /* RemoteRESTAPIStorageAgent.m */,
				89B535B11A03957600E414DD /* RemoteJSRESTAPIStorageAgent.h */,
				89B535AF1A03956800E414DD /* RemoteJSRESTAPIStorageAgent.m */,
				5D11B4AF19E1A7E600A07CDB /* SFTPStorageAgent.h */,
				5D11B4B019E1A7E600A07CDB /* SFTPStorageAgent.m */,
			);
			name = StorageAgents;
			sourceTree = "<group>";
		};
		BD0CE9A0EACC54C6DAF1B06D /* Pods */ = {
			isa = PBXGroup;
			children = (
				2D8CA1C9D3A3D03E3959C2A8 /* Pods-ScreenCapture.debug.xcconfig */,
				1EF147B789113F1F282C987E /* Pods-ScreenCapture.release.xcconfig */,
			);
			name = Pods;
			sourceTree = "<group>";
		};
/* End PBXGroup section */

/* Begin PBXNativeTarget section */
		5D4937F919D82C7A00008DFB /* ScreenCapture */ = {
			isa = PBXNativeTarget;
			buildConfigurationList = 5D49381719D82C7A00008DFB /* Build configuration list for PBXNativeTarget "ScreenCapture" */;
			buildPhases = (
				9250B1EDFFC2645B4A50690D /* Check Pods Manifest.lock */,
				5D4937F619D82C7A00008DFB /* Sources */,
				5D4937F719D82C7A00008DFB /* Frameworks */,
				5D4937F819D82C7A00008DFB /* Resources */,
				095E01D4E9B838F290A8FEA4 /* Copy Pods Resources */,
			);
			buildRules = (
			);
			dependencies = (
			);
			name = ScreenCapture;
			productName = ScreenCapture;
			productReference = 5D4937FA19D82C7A00008DFB /* ScreenCapture.app */;
			productType = "com.apple.product-type.application";
		};
		5D49380C19D82C7A00008DFB /* ScreenCaptureTests */ = {
			isa = PBXNativeTarget;
			buildConfigurationList = 5D49381A19D82C7A00008DFB /* Build configuration list for PBXNativeTarget "ScreenCaptureTests" */;
			buildPhases = (
				5D49380919D82C7A00008DFB /* Sources */,
				5D49380A19D82C7A00008DFB /* Frameworks */,
				5D49380B19D82C7A00008DFB /* Resources */,
			);
			buildRules = (
			);
			dependencies = (
				5D49380F19D82C7A00008DFB /* PBXTargetDependency */,
			);
			name = ScreenCaptureTests;
			productName = ScreenCaptureTests;
			productReference = 5D49380D19D82C7A00008DFB /* ScreenCaptureTests.xctest */;
			productType = "com.apple.product-type.bundle.unit-test";
		};
/* End PBXNativeTarget section */

/* Begin PBXProject section */
		5D4937F219D82C7900008DFB /* Project object */ = {
			isa = PBXProject;
			attributes = {
				LastUpgradeCheck = 0600;
				ORGANIZATIONNAME = "Brand New Heroes";
				TargetAttributes = {
					5D4937F919D82C7A00008DFB = {
						CreatedOnToolsVersion = 6.0.1;
					};
					5D49380C19D82C7A00008DFB = {
						CreatedOnToolsVersion = 6.0.1;
						TestTargetID = 5D4937F919D82C7A00008DFB;
					};
				};
			};
			buildConfigurationList = 5D4937F519D82C7900008DFB /* Build configuration list for PBXProject "ScreenCapture" */;
			compatibilityVersion = "Xcode 3.2";
			developmentRegion = English;
			hasScannedForEncodings = 0;
			knownRegions = (
				en,
				Base,
			);
			mainGroup = 5D4937F119D82C7900008DFB;
			productRefGroup = 5D4937FB19D82C7A00008DFB /* Products */;
			projectDirPath = "";
			projectRoot = "";
			targets = (
				5D4937F919D82C7A00008DFB /* ScreenCapture */,
				5D49380C19D82C7A00008DFB /* ScreenCaptureTests */,
			);
		};
/* End PBXProject section */

/* Begin PBXResourcesBuildPhase section */
		5D4937F819D82C7A00008DFB /* Resources */ = {
			isa = PBXResourcesBuildPhase;
			buildActionMask = 2147483647;
			files = (
				5D49380519D82C7A00008DFB /* Images.xcassets in Resources */,
				5D49380819D82C7A00008DFB /* MainMenu.xib in Resources */,
				5D49382C19D857E600008DFB /* StorageAgents.plist in Resources */,
			);
			runOnlyForDeploymentPostprocessing = 0;
		};
		5D49380B19D82C7A00008DFB /* Resources */ = {
			isa = PBXResourcesBuildPhase;
			buildActionMask = 2147483647;
			files = (
			);
			runOnlyForDeploymentPostprocessing = 0;
		};
/* End PBXResourcesBuildPhase section */

/* Begin PBXShellScriptBuildPhase section */
		095E01D4E9B838F290A8FEA4 /* Copy Pods Resources */ = {
			isa = PBXShellScriptBuildPhase;
			buildActionMask = 2147483647;
			files = (
			);
			inputPaths = (
			);
			name = "Copy Pods Resources";
			outputPaths = (
			);
			runOnlyForDeploymentPostprocessing = 0;
			shellPath = /bin/sh;
			shellScript = "\"${SRCROOT}/Pods/Target Support Files/Pods-ScreenCapture/Pods-ScreenCapture-resources.sh\"\n";
			showEnvVarsInLog = 0;
		};
		9250B1EDFFC2645B4A50690D /* Check Pods Manifest.lock */ = {
			isa = PBXShellScriptBuildPhase;
			buildActionMask = 2147483647;
			files = (
			);
			inputPaths = (
			);
			name = "Check Pods Manifest.lock";
			outputPaths = (
			);
			runOnlyForDeploymentPostprocessing = 0;
			shellPath = /bin/sh;
			shellScript = "diff \"${PODS_ROOT}/../Podfile.lock\" \"${PODS_ROOT}/Manifest.lock\" > /dev/null\nif [[ $? != 0 ]] ; then\n    cat << EOM\nerror: The sandbox is not in sync with the Podfile.lock. Run 'pod install' or update your CocoaPods installation.\nEOM\n    exit 1\nfi\n";
			showEnvVarsInLog = 0;
		};
/* End PBXShellScriptBuildPhase section */

/* Begin PBXSourcesBuildPhase section */
		5D4937F619D82C7A00008DFB /* Sources */ = {
			isa = PBXSourcesBuildPhase;
			buildActionMask = 2147483647;
			files = (
				5D11B4BE19E4885500A07CDB /* PrimaryStorageAgent.m in Sources */,
				5DF147341A02E1670080538B /* DropBoxStorageAgent+ViewBuilder.m in Sources */,
				5D49382219D83F3A00008DFB /* StorageManager.m in Sources */,
				5DF1473A1A039E4B0080538B /* RemoteJSRESTAPIStorageItem.m in Sources */,
				5DF1472E1A02DAB70080538B /* DropBoxMenuActionViewBuilder.m in Sources */,
				5D49382A19D844B200008DFB /* LocalFileStorageAgent.m in Sources */,
				5D11B4C119FD728E00A07CDB /* GoogleDriveStorageAgent.m in Sources */,
				5D3F238D1A01931E00C4E2E2 /* RemoteRESTAPIStorageItem.m in Sources */,
				5D11B4AB19E18BEA00A07CDB /* RemoteRESTAPIStorageAgent.m in Sources */,
				5D3F23A51A02A10000C4E2E2 /* LocalFileStorageAgent+ViewBuilder.m in Sources */,
				5D3F23981A0266FF00C4E2E2 /* LocalFileMenuActionViewBuilder.m in Sources */,
				5D49380319D82C7A00008DFB /* AppDelegate.m in Sources */,
				5D11B4AE19E18C4B00A07CDB /* GenericStorageAgent.m in Sources */,
				5D49380019D82C7A00008DFB /* main.m in Sources */,
				5DF1473D1A03A2C00080538B /* RemoteJSRESTAPIStorageAgent+ViewBuilder.m in Sources */,
				89B535B01A03956800E414DD /* RemoteJSRESTAPIStorageAgent.m in Sources */,
				5DF147311A02DB6C0080538B /* DropBoxStorageItem.m in Sources */,
				5D11B4B819E1C03C00A07CDB /* Screenshot.m in Sources */,
				5D11B4B119E1A7E600A07CDB /* SFTPStorageAgent.m in Sources */,
				5DF147371A039D4A0080538B /* RemoteJSRESTAPIMenuActionViewBuilder.m in Sources */,
				5D11B4BB19E1E70D00A07CDB /* DropBoxStorageAgent.m in Sources */,
				5D3F239B1A026B4600C4E2E2 /* AbstractStorageAgentViewBuilder.m in Sources */,
				5D3F235B1A01846E00C4E2E2 /* Model.xcdatamodeld in Sources */,
				5DF1472B1A02CA7B0080538B /* RemoteRESTAPIStorageAgent+ViewBuilder.m in Sources */,
				5DF147281A02C81C0080538B /* RemoteRESTAPIMenuActionViewBuilder.m in Sources */,
				5D11B4A719DB3E7C00A07CDB /* PromiseQueue.m in Sources */,
				5D3F23A11A02711900C4E2E2 /* GenericStorageAgent+ViewBuilder.m in Sources */,
				5D3F23901A01931F00C4E2E2 /* PrimaryStorageItem.m in Sources */,
			);
			runOnlyForDeploymentPostprocessing = 0;
		};
		5D49380919D82C7A00008DFB /* Sources */ = {
			isa = PBXSourcesBuildPhase;
			buildActionMask = 2147483647;
			files = (
				5D49381419D82C7A00008DFB /* ScreenCaptureTests.m in Sources */,
			);
			runOnlyForDeploymentPostprocessing = 0;
		};
/* End PBXSourcesBuildPhase section */

/* Begin PBXTargetDependency section */
		5D49380F19D82C7A00008DFB /* PBXTargetDependency */ = {
			isa = PBXTargetDependency;
			target = 5D4937F919D82C7A00008DFB /* ScreenCapture */;
			targetProxy = 5D49380E19D82C7A00008DFB /* PBXContainerItemProxy */;
		};
/* End PBXTargetDependency section */

/* Begin PBXVariantGroup section */
		5D49380619D82C7A00008DFB /* MainMenu.xib */ = {
			isa = PBXVariantGroup;
			children = (
				5D49380719D82C7A00008DFB /* Base */,
			);
			name = MainMenu.xib;
			sourceTree = "<group>";
		};
/* End PBXVariantGroup section */

/* Begin XCBuildConfiguration section */
		5D49381519D82C7A00008DFB /* Debug */ = {
			isa = XCBuildConfiguration;
			buildSettings = {
				ALWAYS_SEARCH_USER_PATHS = NO;
				CLANG_CXX_LANGUAGE_STANDARD = "gnu++0x";
				CLANG_CXX_LIBRARY = "libc++";
				CLANG_ENABLE_MODULES = YES;
				CLANG_ENABLE_OBJC_ARC = YES;
				CLANG_WARN_BOOL_CONVERSION = YES;
				CLANG_WARN_CONSTANT_CONVERSION = YES;
				CLANG_WARN_DIRECT_OBJC_ISA_USAGE = YES_ERROR;
				CLANG_WARN_EMPTY_BODY = YES;
				CLANG_WARN_ENUM_CONVERSION = YES;
				CLANG_WARN_INT_CONVERSION = YES;
				CLANG_WARN_OBJC_ROOT_CLASS = YES_ERROR;
				CLANG_WARN_UNREACHABLE_CODE = YES;
				CLANG_WARN__DUPLICATE_METHOD_MATCH = YES;
				CODE_SIGN_IDENTITY = "-";
				COPY_PHASE_STRIP = NO;
				ENABLE_STRICT_OBJC_MSGSEND = YES;
				GCC_C_LANGUAGE_STANDARD = gnu99;
				GCC_DYNAMIC_NO_PIC = NO;
				GCC_OPTIMIZATION_LEVEL = 0;
				GCC_PREPROCESSOR_DEFINITIONS = (
					"DEBUG=1",
					"$(inherited)",
				);
				GCC_SYMBOLS_PRIVATE_EXTERN = NO;
				GCC_WARN_64_TO_32_BIT_CONVERSION = YES;
				GCC_WARN_ABOUT_RETURN_TYPE = YES_ERROR;
				GCC_WARN_UNDECLARED_SELECTOR = YES;
				GCC_WARN_UNINITIALIZED_AUTOS = YES_AGGRESSIVE;
				GCC_WARN_UNUSED_FUNCTION = YES;
				GCC_WARN_UNUSED_VARIABLE = YES;
				MACOSX_DEPLOYMENT_TARGET = 10.9;
				MTL_ENABLE_DEBUG_INFO = YES;
				ONLY_ACTIVE_ARCH = YES;
				SDKROOT = macosx;
			};
			name = Debug;
		};
		5D49381619D82C7A00008DFB /* Release */ = {
			isa = XCBuildConfiguration;
			buildSettings = {
				ALWAYS_SEARCH_USER_PATHS = NO;
				CLANG_CXX_LANGUAGE_STANDARD = "gnu++0x";
				CLANG_CXX_LIBRARY = "libc++";
				CLANG_ENABLE_MODULES = YES;
				CLANG_ENABLE_OBJC_ARC = YES;
				CLANG_WARN_BOOL_CONVERSION = YES;
				CLANG_WARN_CONSTANT_CONVERSION = YES;
				CLANG_WARN_DIRECT_OBJC_ISA_USAGE = YES_ERROR;
				CLANG_WARN_EMPTY_BODY = YES;
				CLANG_WARN_ENUM_CONVERSION = YES;
				CLANG_WARN_INT_CONVERSION = YES;
				CLANG_WARN_OBJC_ROOT_CLASS = YES_ERROR;
				CLANG_WARN_UNREACHABLE_CODE = YES;
				CLANG_WARN__DUPLICATE_METHOD_MATCH = YES;
				CODE_SIGN_IDENTITY = "-";
				COPY_PHASE_STRIP = YES;
				DEBUG_INFORMATION_FORMAT = "dwarf-with-dsym";
				ENABLE_NS_ASSERTIONS = NO;
				ENABLE_STRICT_OBJC_MSGSEND = YES;
				GCC_C_LANGUAGE_STANDARD = gnu99;
				GCC_WARN_64_TO_32_BIT_CONVERSION = YES;
				GCC_WARN_ABOUT_RETURN_TYPE = YES_ERROR;
				GCC_WARN_UNDECLARED_SELECTOR = YES;
				GCC_WARN_UNINITIALIZED_AUTOS = YES_AGGRESSIVE;
				GCC_WARN_UNUSED_FUNCTION = YES;
				GCC_WARN_UNUSED_VARIABLE = YES;
				MACOSX_DEPLOYMENT_TARGET = 10.9;
				MTL_ENABLE_DEBUG_INFO = NO;
				SDKROOT = macosx;
			};
			name = Release;
		};
		5D49381819D82C7A00008DFB /* Debug */ = {
			isa = XCBuildConfiguration;
			baseConfigurationReference = 2D8CA1C9D3A3D03E3959C2A8 /* Pods-ScreenCapture.debug.xcconfig */;
			buildSettings = {
				ASSETCATALOG_COMPILER_APPICON_NAME = AppIcon;
				COMBINE_HIDPI_IMAGES = YES;
				INFOPLIST_FILE = ScreenCapture/Info.plist;
				LD_RUNPATH_SEARCH_PATHS = "$(inherited) @executable_path/../Frameworks";
				LIBRARY_SEARCH_PATHS = (
					"$(inherited)",
					"/Users/olegs/workspace/objc/objc-promise/build/Debug-iphoneos",
				);
				MACOSX_DEPLOYMENT_TARGET = 10.8;
				PRODUCT_NAME = "$(TARGET_NAME)";
			};
			name = Debug;
		};
		5D49381919D82C7A00008DFB /* Release */ = {
			isa = XCBuildConfiguration;
			baseConfigurationReference = 1EF147B789113F1F282C987E /* Pods-ScreenCapture.release.xcconfig */;
			buildSettings = {
				ASSETCATALOG_COMPILER_APPICON_NAME = AppIcon;
				COMBINE_HIDPI_IMAGES = YES;
				INFOPLIST_FILE = ScreenCapture/Info.plist;
				LD_RUNPATH_SEARCH_PATHS = "$(inherited) @executable_path/../Frameworks";
				LIBRARY_SEARCH_PATHS = (
					"$(inherited)",
					"/Users/olegs/workspace/objc/objc-promise/build/Debug-iphoneos",
				);
				MACOSX_DEPLOYMENT_TARGET = 10.8;
				PRODUCT_NAME = "$(TARGET_NAME)";
			};
			name = Release;
		};
		5D49381B19D82C7A00008DFB /* Debug */ = {
			isa = XCBuildConfiguration;
			buildSettings = {
				BUNDLE_LOADER = "$(TEST_HOST)";
				COMBINE_HIDPI_IMAGES = YES;
				FRAMEWORK_SEARCH_PATHS = (
					"$(DEVELOPER_FRAMEWORKS_DIR)",
					"$(inherited)",
				);
				GCC_PREPROCESSOR_DEFINITIONS = (
					"DEBUG=1",
					"$(inherited)",
				);
				INFOPLIST_FILE = ScreenCaptureTests/Info.plist;
				LD_RUNPATH_SEARCH_PATHS = "$(inherited) @executable_path/../Frameworks @loader_path/../Frameworks";
				PRODUCT_NAME = "$(TARGET_NAME)";
				TEST_HOST = "$(BUILT_PRODUCTS_DIR)/ScreenCapture.app/Contents/MacOS/ScreenCapture";
			};
			name = Debug;
		};
		5D49381C19D82C7A00008DFB /* Release */ = {
			isa = XCBuildConfiguration;
			buildSettings = {
				BUNDLE_LOADER = "$(TEST_HOST)";
				COMBINE_HIDPI_IMAGES = YES;
				FRAMEWORK_SEARCH_PATHS = (
					"$(DEVELOPER_FRAMEWORKS_DIR)",
					"$(inherited)",
				);
				INFOPLIST_FILE = ScreenCaptureTests/Info.plist;
				LD_RUNPATH_SEARCH_PATHS = "$(inherited) @executable_path/../Frameworks @loader_path/../Frameworks";
				PRODUCT_NAME = "$(TARGET_NAME)";
				TEST_HOST = "$(BUILT_PRODUCTS_DIR)/ScreenCapture.app/Contents/MacOS/ScreenCapture";
			};
			name = Release;
		};
/* End XCBuildConfiguration section */

/* Begin XCConfigurationList section */
		5D4937F519D82C7900008DFB /* Build configuration list for PBXProject "ScreenCapture" */ = {
			isa = XCConfigurationList;
			buildConfigurations = (
				5D49381519D82C7A00008DFB /* Debug */,
				5D49381619D82C7A00008DFB /* Release */,
			);
			defaultConfigurationIsVisible = 0;
			defaultConfigurationName = Release;
		};
		5D49381719D82C7A00008DFB /* Build configuration list for PBXNativeTarget "ScreenCapture" */ = {
			isa = XCConfigurationList;
			buildConfigurations = (
				5D49381819D82C7A00008DFB /* Debug */,
				5D49381919D82C7A00008DFB /* Release */,
			);
			defaultConfigurationIsVisible = 0;
			defaultConfigurationName = Release;
		};
		5D49381A19D82C7A00008DFB /* Build configuration list for PBXNativeTarget "ScreenCaptureTests" */ = {
			isa = XCConfigurationList;
			buildConfigurations = (
				5D49381B19D82C7A00008DFB /* Debug */,
				5D49381C19D82C7A00008DFB /* Release */,
			);
			defaultConfigurationIsVisible = 0;
			defaultConfigurationName = Release;
		};
/* End XCConfigurationList section */

/* Begin XCVersionGroup section */
		5D3F23591A01846E00C4E2E2 /* Model.xcdatamodeld */ = {
			isa = XCVersionGroup;
			children = (
				5D3F235A1A01846E00C4E2E2 /* Model.xcdatamodel */,
			);
			currentVersion = 5D3F235A1A01846E00C4E2E2 /* Model.xcdatamodel */;
			path = Model.xcdatamodeld;
			sourceTree = "<group>";
			versionGroupType = wrapper.xcdatamodel;
		};
/* End XCVersionGroup section */
	};
	rootObject = 5D4937F219D82C7900008DFB /* Project object */;
}
